# THIS IS AN AUTOGENERATED FILE. DO NOT EDIT THIS FILE DIRECTLY.
# yarn lockfile v1


csv-parse@^2.5.0:
  version "2.5.0"
  resolved "https://registry.yarnpkg.com/csv-parse/-/csv-parse-2.5.0.tgz#65748997ecc3719c594622db1b9ea0e2eb7d56bb"

csv-stringify@^3.1.1:
  version "3.1.1"
  resolved "https://registry.yarnpkg.com/csv-stringify/-/csv-stringify-3.1.1.tgz#3a4e180a84f9c45a6a0a0401c1b41b315b9131f0"
  dependencies:
    lodash.get "~4.4.2"

lodash.get@~4.4.2:
  version "4.4.2"
  resolved "https://registry.yarnpkg.com/lodash.get/-/lodash.get-4.4.2.tgz#2d177f652fa31e939b4438d5341499dfa3825e99"
